
Microsoft Visual Studio Solution File, Format Version 12.00
# Visual Studio Version 16
VisualStudioVersion = 16.0.31005.135
MinimumVisualStudioVersion = 10.0.40219.1
Project("{8BC9CEB8-8B4A-11D0-8D11-00A0C91BC942}") = "3040", "3040.vcxproj", "{77CC4CA5-1DA6-49BF-BB06-58B4D209373B}"
EndProject
Global
	GlobalSection(SolutionConfigurationPlatforms) = preSolution
		Debug|x64 = Debug|x64
		Debug|x86 = Debug|x86
		Release|x64 = Release|x64
		Release|x86 = Release|x86
	EndGlobalSection
	GlobalSection(ProjectConfigurationPlatforms) = postSolution
		{77CC4CA5-1DA6-49BF-BB06-58B4D209373B}.Debug|x64.ActiveCfg = Debug|x64
		{77CC4CA5-1DA6-49BF-BB06-58B4D209373B}.Debug|x64.Build.0 = Debug|x64
		{77CC4CA5-1DA6-49BF-BB06-58B4D209373B}.Debug|x86.ActiveCfg = Debug|Win32
		{77CC4CA5-1DA6-49BF-BB06-58B4D209373B}.Debug|x86.Build.0 = Debug|Win32
		{77CC4CA5-1DA6-49BF-BB06-58B4D209373B}.Release|x64.ActiveCfg = Release|x64
		{77CC4CA5-1DA6-49BF-BB06-58B4D209373B}.Release|x64.Build.0 = Release|x64
		{77CC4CA5-1DA6-49BF-BB06-58B4D209373B}.Release|x86.ActiveCfg = Release|Win32
		{77CC4CA5-1DA6-49BF-BB06-58B4D209373B}.Release|x86.Build.0 = Release|Win32
	EndGlobalSection
	GlobalSection(SolutionProperties) = preSolution
		HideSolutionNode = FALSE
	EndGlobalSection
	GlobalSection(ExtensibilityGlobals) = postSolution
		SolutionGuid = {F8F1F158-9886-496D-9703-9C37D6D790EE}
	EndGlobalSection
EndGlobal
