
Microsoft Visual Studio Solution File, Format Version 12.00
# Visual Studio Version 16
VisualStudioVersion = 16.0.31005.135
MinimumVisualStudioVersion = 10.0.40219.1
Project("{8BC9CEB8-8B4A-11D0-8D11-00A0C91BC942}") = "17298", "17298.vcxproj", "{68ADD4E3-BA2D-4651-98B0-C58025647BDD}"
EndProject
Global
	GlobalSection(SolutionConfigurationPlatforms) = preSolution
		Debug|x64 = Debug|x64
		Debug|x86 = Debug|x86
		Release|x64 = Release|x64
		Release|x86 = Release|x86
	EndGlobalSection
	GlobalSection(ProjectConfigurationPlatforms) = postSolution
		{68ADD4E3-BA2D-4651-98B0-C58025647BDD}.Debug|x64.ActiveCfg = Debug|x64
		{68ADD4E3-BA2D-4651-98B0-C58025647BDD}.Debug|x64.Build.0 = Debug|x64
		{68ADD4E3-BA2D-4651-98B0-C58025647BDD}.Debug|x86.ActiveCfg = Debug|Win32
		{68ADD4E3-BA2D-4651-98B0-C58025647BDD}.Debug|x86.Build.0 = Debug|Win32
		{68ADD4E3-BA2D-4651-98B0-C58025647BDD}.Release|x64.ActiveCfg = Release|x64
		{68ADD4E3-BA2D-4651-98B0-C58025647BDD}.Release|x64.Build.0 = Release|x64
		{68ADD4E3-BA2D-4651-98B0-C58025647BDD}.Release|x86.ActiveCfg = Release|Win32
		{68ADD4E3-BA2D-4651-98B0-C58025647BDD}.Release|x86.Build.0 = Release|Win32
	EndGlobalSection
	GlobalSection(SolutionProperties) = preSolution
		HideSolutionNode = FALSE
	EndGlobalSection
	GlobalSection(ExtensibilityGlobals) = postSolution
		SolutionGuid = {C419A2E5-A82B-45A5-9B45-7FE81CE6134F}
	EndGlobalSection
EndGlobal
