
Microsoft Visual Studio Solution File, Format Version 12.00
# Visual Studio Version 16
VisualStudioVersion = 16.0.31313.79
MinimumVisualStudioVersion = 10.0.40219.1
Project("{8BC9CEB8-8B4A-11D0-8D11-00A0C91BC942}") = "10610", "10610.vcxproj", "{36890828-FB29-4C7A-8CBB-2A52EB42FCBA}"
EndProject
Global
	GlobalSection(SolutionConfigurationPlatforms) = preSolution
		Debug|x64 = Debug|x64
		Debug|x86 = Debug|x86
		Release|x64 = Release|x64
		Release|x86 = Release|x86
	EndGlobalSection
	GlobalSection(ProjectConfigurationPlatforms) = postSolution
		{36890828-FB29-4C7A-8CBB-2A52EB42FCBA}.Debug|x64.ActiveCfg = Debug|x64
		{36890828-FB29-4C7A-8CBB-2A52EB42FCBA}.Debug|x64.Build.0 = Debug|x64
		{36890828-FB29-4C7A-8CBB-2A52EB42FCBA}.Debug|x86.ActiveCfg = Debug|Win32
		{36890828-FB29-4C7A-8CBB-2A52EB42FCBA}.Debug|x86.Build.0 = Debug|Win32
		{36890828-FB29-4C7A-8CBB-2A52EB42FCBA}.Release|x64.ActiveCfg = Release|x64
		{36890828-FB29-4C7A-8CBB-2A52EB42FCBA}.Release|x64.Build.0 = Release|x64
		{36890828-FB29-4C7A-8CBB-2A52EB42FCBA}.Release|x86.ActiveCfg = Release|Win32
		{36890828-FB29-4C7A-8CBB-2A52EB42FCBA}.Release|x86.Build.0 = Release|Win32
	EndGlobalSection
	GlobalSection(SolutionProperties) = preSolution
		HideSolutionNode = FALSE
	EndGlobalSection
	GlobalSection(ExtensibilityGlobals) = postSolution
		SolutionGuid = {7FF8D51F-2599-4142-8823-A7B13C9F56B9}
	EndGlobalSection
EndGlobal
