
Microsoft Visual Studio Solution File, Format Version 12.00
# Visual Studio Version 16
VisualStudioVersion = 16.0.30907.101
MinimumVisualStudioVersion = 10.0.40219.1
Project("{8BC9CEB8-8B4A-11D0-8D11-00A0C91BC942}") = "6359", "6359.vcxproj", "{6BB67986-817C-4D8C-93CF-18FB593F2805}"
EndProject
Global
	GlobalSection(SolutionConfigurationPlatforms) = preSolution
		Debug|x64 = Debug|x64
		Debug|x86 = Debug|x86
		Release|x64 = Release|x64
		Release|x86 = Release|x86
	EndGlobalSection
	GlobalSection(ProjectConfigurationPlatforms) = postSolution
		{6BB67986-817C-4D8C-93CF-18FB593F2805}.Debug|x64.ActiveCfg = Debug|x64
		{6BB67986-817C-4D8C-93CF-18FB593F2805}.Debug|x64.Build.0 = Debug|x64
		{6BB67986-817C-4D8C-93CF-18FB593F2805}.Debug|x86.ActiveCfg = Debug|Win32
		{6BB67986-817C-4D8C-93CF-18FB593F2805}.Debug|x86.Build.0 = Debug|Win32
		{6BB67986-817C-4D8C-93CF-18FB593F2805}.Release|x64.ActiveCfg = Release|x64
		{6BB67986-817C-4D8C-93CF-18FB593F2805}.Release|x64.Build.0 = Release|x64
		{6BB67986-817C-4D8C-93CF-18FB593F2805}.Release|x86.ActiveCfg = Release|Win32
		{6BB67986-817C-4D8C-93CF-18FB593F2805}.Release|x86.Build.0 = Release|Win32
	EndGlobalSection
	GlobalSection(SolutionProperties) = preSolution
		HideSolutionNode = FALSE
	EndGlobalSection
	GlobalSection(ExtensibilityGlobals) = postSolution
		SolutionGuid = {1CAE4C5C-56B9-4827-97EB-B85BDD5ECE6B}
	EndGlobalSection
EndGlobal
