
Microsoft Visual Studio Solution File, Format Version 12.00
# Visual Studio Version 16
VisualStudioVersion = 16.0.31005.135
MinimumVisualStudioVersion = 10.0.40219.1
Project("{8BC9CEB8-8B4A-11D0-8D11-00A0C91BC942}") = "5176", "5176.vcxproj", "{F15C8FD4-1ACA-40FD-92A3-03E9E6B06CDF}"
EndProject
Global
	GlobalSection(SolutionConfigurationPlatforms) = preSolution
		Debug|x64 = Debug|x64
		Debug|x86 = Debug|x86
		Release|x64 = Release|x64
		Release|x86 = Release|x86
	EndGlobalSection
	GlobalSection(ProjectConfigurationPlatforms) = postSolution
		{F15C8FD4-1ACA-40FD-92A3-03E9E6B06CDF}.Debug|x64.ActiveCfg = Debug|x64
		{F15C8FD4-1ACA-40FD-92A3-03E9E6B06CDF}.Debug|x64.Build.0 = Debug|x64
		{F15C8FD4-1ACA-40FD-92A3-03E9E6B06CDF}.Debug|x86.ActiveCfg = Debug|Win32
		{F15C8FD4-1ACA-40FD-92A3-03E9E6B06CDF}.Debug|x86.Build.0 = Debug|Win32
		{F15C8FD4-1ACA-40FD-92A3-03E9E6B06CDF}.Release|x64.ActiveCfg = Release|x64
		{F15C8FD4-1ACA-40FD-92A3-03E9E6B06CDF}.Release|x64.Build.0 = Release|x64
		{F15C8FD4-1ACA-40FD-92A3-03E9E6B06CDF}.Release|x86.ActiveCfg = Release|Win32
		{F15C8FD4-1ACA-40FD-92A3-03E9E6B06CDF}.Release|x86.Build.0 = Release|Win32
	EndGlobalSection
	GlobalSection(SolutionProperties) = preSolution
		HideSolutionNode = FALSE
	EndGlobalSection
	GlobalSection(ExtensibilityGlobals) = postSolution
		SolutionGuid = {FDCD3F4A-9806-44FD-809D-A3121816D061}
	EndGlobalSection
EndGlobal
